
Microsoft Visual Studio Solution File, Format Version 12.00
# Visual Studio 15
VisualStudioVersion = 15.0.28307.1062
MinimumVisualStudioVersion = 10.0.40219.1
Project("{FAE04EC0-301F-11D3-BF4B-00C04F79EFBC}") = "Game2", "Game2\Game2.csproj", "{279853FF-C686-4AF8-93B8-830E6FC8E2EC}"
EndProject
Global
	GlobalSection(SolutionConfigurationPlatforms) = preSolution
		Debug|Any CPU = Debug|Any CPU
		Release|Any CPU = Release|Any CPU
	EndGlobalSection
	GlobalSection(ProjectConfigurationPlatforms) = postSolution
		{279853FF-C686-4AF8-93B8-830E6FC8E2EC}.Debug|Any CPU.ActiveCfg = Debug|Any CPU
		{279853FF-C686-4AF8-93B8-830E6FC8E2EC}.Debug|Any CPU.Build.0 = Debug|Any CPU
		{279853FF-C686-4AF8-93B8-830E6FC8E2EC}.Release|Any CPU.ActiveCfg = Release|Any CPU
		{279853FF-C686-4AF8-93B8-830E6FC8E2EC}.Release|Any CPU.Build.0 = Release|Any CPU
	EndGlobalSection
	GlobalSection(SolutionProperties) = preSolution
		HideSolutionNode = FALSE
	EndGlobalSection
	GlobalSection(ExtensibilityGlobals) = postSolution
		SolutionGuid = {0F070A90-BEE2-4262-9D25-F33F12E1E6D6}
	EndGlobalSection
EndGlobal
